[{<<"common_eunit">>,
  {git,"https://github.com/permelin/common_eunit.git",
       {ref,"6ed79f086bea8f7ade5f7ffc82b20a80a9ebe1e9"}},
  0},
 {<<"cowboy">>,
  {git,"https://github.com/ninenines/cowboy.git",
       {ref,"0ba3a9a22269d21b2962fec78c03e5671294d20d"}},
  0},
 {<<"cowlib">>,
  {git,"https://github.com/ninenines/cowlib.git",
       {ref,"8cf98c9f3d1292c1b08fca5ca99772ae912eaa86"}},
  0},
 {<<"goldrush">>,{pkg,<<"goldrush">>,<<"0.1.8">>},1},
 {<<"gun">>,
  {git,"https://github.com/ninenines/gun.git",
       {ref,"0414eede62946f995a5ab4879f9026548440199c"}},
  0},
 {<<"jsx">>,{pkg,<<"jsx">>,<<"2.8.0">>},0},
 {<<"lager">>,{pkg,<<"lager">>,<<"3.2.1">>},0},
 {<<"proper">>,
  {git,"https://github.com/manopapad/proper.git",
       {ref,"e90343ea01a7cb0d4a18c341c7f7d9e35483d713"}},
  0},
 {<<"ranch">>,
  {git,"https://github.com/ninenines/ranch",
       {ref,"a5d2efcde9a34ad38ab89a26d98ea5335e88625a"}},
  1}].
