[{<<"common_eunit">>,
  {git,"https://github.com/permelin/common_eunit.git",
       {ref,"6ed79f086bea8f7ade5f7ffc82b20a80a9ebe1e9"}},
  0},
 {<<"cowlib">>,
  {git,"git://github.com/extend/cowlib.git",
       {ref,"14e597baa42a436469f99661ed7994685e269dc2"}},
  1},
 {<<"goldrush">>,
  {git,"git://github.com/DeadZen/goldrush.git",
       {ref,"212299233c7e7eb63a97be2777e1c05ebaa58dbe"}},
  1},
 {<<"gun">>,
  {git,"https://github.com/ninenines/gun.git",
       {ref,"383a643a971439c6fd8ee4611ecc35c0a65f4538"}},
  0},
 {<<"jsx">>,
  {git,"https://github.com/talentdeficit/jsx.git",
       {ref,"3074d4865b3385a050badf7828ad31490d860df5"}},
  0},
 {<<"lager">>,
  {git,"https://github.com/basho/lager.git",
       {ref,"8187757388c9adc915379caaab36a2f2ca26e944"}},
  0},
 {<<"ranch">>,
  {git,"git://github.com/extend/ranch.git",
       {ref,"82c1aa77e64c610f6b2ac0666ae5435f5f79fa40"}},
  1}].
